# THIS IS AN AUTOGENERATED FILE. DO NOT EDIT THIS FILE DIRECTLY.
# yarn lockfile v1


"sortablejs@^1.15.2":
  "integrity" "sha512-FJF5jgdfvoKn1MAKSdGs33bIqLi3LmsgVTliuX6iITj834F+JRQZN90Z93yql8h0K2t0RwDPBmxwlbZfDcxNZA=="
  "resolved" "https://registry.npmjs.org/sortablejs/-/sortablejs-1.15.2.tgz"
  "version" "1.15.2"
